
Microsoft Visual Studio Solution File, Format Version 12.00
# Visual Studio Version 16
VisualStudioVersion = 16.0.30114.105
MinimumVisualStudioVersion = 10.0.40219.1
Project("{FAE04EC0-301F-11D3-BF4B-00C04F79EFBC}") = "Utils", "src\Utils\Utils.csproj", "{6B881A36-EE25-4D49-ABFD-60E3E0D80509}"
EndProject
Project("{FAE04EC0-301F-11D3-BF4B-00C04F79EFBC}") = "WebApi", "src\WebApi\WebApi.csproj", "{D449B6F3-54E3-4648-BEF8-A71D097D112B}"
EndProject
Project("{FAE04EC0-301F-11D3-BF4B-00C04F79EFBC}") = "WorkerService", "src\WorkerService\WorkerService.csproj", "{D152AA6B-80E3-4E9D-9579-BAC71BB49C3A}"
EndProject
Global
	GlobalSection(SolutionConfigurationPlatforms) = preSolution
		Debug|Any CPU = Debug|Any CPU
		Release|Any CPU = Release|Any CPU
	EndGlobalSection
	GlobalSection(SolutionProperties) = preSolution
		HideSolutionNode = FALSE
	EndGlobalSection
	GlobalSection(ProjectConfigurationPlatforms) = postSolution
		{6B881A36-EE25-4D49-ABFD-60E3E0D80509}.Debug|Any CPU.ActiveCfg = Debug|Any CPU
		{6B881A36-EE25-4D49-ABFD-60E3E0D80509}.Debug|Any CPU.Build.0 = Debug|Any CPU
		{6B881A36-EE25-4D49-ABFD-60E3E0D80509}.Release|Any CPU.ActiveCfg = Release|Any CPU
		{6B881A36-EE25-4D49-ABFD-60E3E0D80509}.Release|Any CPU.Build.0 = Release|Any CPU
		{D449B6F3-54E3-4648-BEF8-A71D097D112B}.Debug|Any CPU.ActiveCfg = Debug|Any CPU
		{D449B6F3-54E3-4648-BEF8-A71D097D112B}.Debug|Any CPU.Build.0 = Debug|Any CPU
		{D449B6F3-54E3-4648-BEF8-A71D097D112B}.Release|Any CPU.ActiveCfg = Release|Any CPU
		{D449B6F3-54E3-4648-BEF8-A71D097D112B}.Release|Any CPU.Build.0 = Release|Any CPU
		{D152AA6B-80E3-4E9D-9579-BAC71BB49C3A}.Debug|Any CPU.ActiveCfg = Debug|Any CPU
		{D152AA6B-80E3-4E9D-9579-BAC71BB49C3A}.Debug|Any CPU.Build.0 = Debug|Any CPU
		{D152AA6B-80E3-4E9D-9579-BAC71BB49C3A}.Release|Any CPU.ActiveCfg = Release|Any CPU
		{D152AA6B-80E3-4E9D-9579-BAC71BB49C3A}.Release|Any CPU.Build.0 = Release|Any CPU
	EndGlobalSection
EndGlobal
